
Microsoft Visual Studio Solution File, Format Version 12.00
# Visual Studio 14
VisualStudioVersion = 14.0.25420.1
MinimumVisualStudioVersion = 10.0.40219.1
Project("{FAE04EC0-301F-11D3-BF4B-00C04F79EFBC}") = "MathsFacileClient.Console", "MathsFacileClient\MathsFacileClient.Console.csproj", "{D77E2737-F727-4561-A218-86FF1310F455}"
EndProject
Project("{FAE04EC0-301F-11D3-BF4B-00C04F79EFBC}") = "MathsFacileClient.Web", "MathsFacileClient.Web\MathsFacileClient.Web.csproj", "{AAF916A0-AD4E-4ED4-A416-5ABDE5E0000D}"
EndProject
Project("{FAE04EC0-301F-11D3-BF4B-00C04F79EFBC}") = "MathsFacileClient.Tests", "MathsFacileClient.Tests\MathsFacileClient.Tests.csproj", "{AFF45D69-2A47-4371-AF51-1A675971C00B}"
EndProject
Global
	GlobalSection(SolutionConfigurationPlatforms) = preSolution
		Debug|Any CPU = Debug|Any CPU
		Release|Any CPU = Release|Any CPU
	EndGlobalSection
	GlobalSection(ProjectConfigurationPlatforms) = postSolution
		{D77E2737-F727-4561-A218-86FF1310F455}.Debug|Any CPU.ActiveCfg = Debug|Any CPU
		{D77E2737-F727-4561-A218-86FF1310F455}.Debug|Any CPU.Build.0 = Debug|Any CPU
		{D77E2737-F727-4561-A218-86FF1310F455}.Release|Any CPU.ActiveCfg = Release|Any CPU
		{D77E2737-F727-4561-A218-86FF1310F455}.Release|Any CPU.Build.0 = Release|Any CPU
		{AAF916A0-AD4E-4ED4-A416-5ABDE5E0000D}.Debug|Any CPU.ActiveCfg = Debug|Any CPU
		{AAF916A0-AD4E-4ED4-A416-5ABDE5E0000D}.Debug|Any CPU.Build.0 = Debug|Any CPU
		{AAF916A0-AD4E-4ED4-A416-5ABDE5E0000D}.Release|Any CPU.ActiveCfg = Release|Any CPU
		{AAF916A0-AD4E-4ED4-A416-5ABDE5E0000D}.Release|Any CPU.Build.0 = Release|Any CPU
		{AFF45D69-2A47-4371-AF51-1A675971C00B}.Debug|Any CPU.ActiveCfg = Debug|Any CPU
		{AFF45D69-2A47-4371-AF51-1A675971C00B}.Debug|Any CPU.Build.0 = Debug|Any CPU
		{AFF45D69-2A47-4371-AF51-1A675971C00B}.Release|Any CPU.ActiveCfg = Release|Any CPU
		{AFF45D69-2A47-4371-AF51-1A675971C00B}.Release|Any CPU.Build.0 = Release|Any CPU
	EndGlobalSection
	GlobalSection(SolutionProperties) = preSolution
		HideSolutionNode = FALSE
	EndGlobalSection
EndGlobal
